
Microsoft Visual Studio Solution File, Format Version 11.00
# Visual Studio 2010
Project("{FAE04EC0-301F-11D3-BF4B-00C04F79EFBC}") = "XmppBot-RandomChatter", "XmppBot-RandomChatter.csproj", "{819566AA-B64A-4734-84F8-AF1D9577A8F4}"
EndProject
Project("{FAE04EC0-301F-11D3-BF4B-00C04F79EFBC}") = "RandomChatter.Tests", "RandomChatter.Tests\RandomChatter.Tests.csproj", "{0AA4BAE4-17EF-4106-8710-BFDA57D1E261}"
EndProject
Global
	GlobalSection(SolutionConfigurationPlatforms) = preSolution
		Debug|Any CPU = Debug|Any CPU
		Release|Any CPU = Release|Any CPU
	EndGlobalSection
	GlobalSection(ProjectConfigurationPlatforms) = postSolution
		{819566AA-B64A-4734-84F8-AF1D9577A8F4}.Debug|Any CPU.ActiveCfg = Debug|Any CPU
		{819566AA-B64A-4734-84F8-AF1D9577A8F4}.Debug|Any CPU.Build.0 = Debug|Any CPU
		{819566AA-B64A-4734-84F8-AF1D9577A8F4}.Release|Any CPU.ActiveCfg = Release|Any CPU
		{819566AA-B64A-4734-84F8-AF1D9577A8F4}.Release|Any CPU.Build.0 = Release|Any CPU
		{0AA4BAE4-17EF-4106-8710-BFDA57D1E261}.Debug|Any CPU.ActiveCfg = Debug|Any CPU
		{0AA4BAE4-17EF-4106-8710-BFDA57D1E261}.Debug|Any CPU.Build.0 = Debug|Any CPU
		{0AA4BAE4-17EF-4106-8710-BFDA57D1E261}.Release|Any CPU.ActiveCfg = Release|Any CPU
		{0AA4BAE4-17EF-4106-8710-BFDA57D1E261}.Release|Any CPU.Build.0 = Release|Any CPU
	EndGlobalSection
	GlobalSection(SolutionProperties) = preSolution
		HideSolutionNode = FALSE
	EndGlobalSection
EndGlobal
